
Microsoft Visual Studio Solution File, Format Version 12.00
# Visual Studio Version 16
VisualStudioVersion = 16.0.29519.181
MinimumVisualStudioVersion = 10.0.40219.1
Project("{FAE04EC0-301F-11D3-BF4B-00C04F79EFBC}") = "ParserData", "ParserData\ParserData.csproj", "{A8558940-565C-4841-872D-09F10903E86B}"
EndProject
Global
	GlobalSection(SolutionConfigurationPlatforms) = preSolution
		Debug|Any CPU = Debug|Any CPU
		Release|Any CPU = Release|Any CPU
	EndGlobalSection
	GlobalSection(ProjectConfigurationPlatforms) = postSolution
		{A8558940-565C-4841-872D-09F10903E86B}.Debug|Any CPU.ActiveCfg = Debug|Any CPU
		{A8558940-565C-4841-872D-09F10903E86B}.Debug|Any CPU.Build.0 = Debug|Any CPU
		{A8558940-565C-4841-872D-09F10903E86B}.Release|Any CPU.ActiveCfg = Release|Any CPU
		{A8558940-565C-4841-872D-09F10903E86B}.Release|Any CPU.Build.0 = Release|Any CPU
	EndGlobalSection
	GlobalSection(SolutionProperties) = preSolution
		HideSolutionNode = FALSE
	EndGlobalSection
	GlobalSection(ExtensibilityGlobals) = postSolution
		SolutionGuid = {B2E710B7-CED8-46D6-9EC2-DAE579E2149F}
	EndGlobalSection
EndGlobal
