
Microsoft Visual Studio Solution File, Format Version 12.00
# Visual Studio Version 16
VisualStudioVersion = 16.0.29519.181
MinimumVisualStudioVersion = 10.0.40219.1
Project("{9A19103F-16F7-4668-BE54-9A1E7A4F7556}") = "AiLan", "AiLan\AiLan.csproj", "{9063860F-2483-4683-A453-F2A837DC3BB6}"
EndProject
Project("{9A19103F-16F7-4668-BE54-9A1E7A4F7556}") = "AiLanML.Model", "AiLanML.Model\AiLanML.Model.csproj", "{6A92AE6F-305C-4A5C-90E7-8B3AFC579D0B}"
EndProject
Project("{9A19103F-16F7-4668-BE54-9A1E7A4F7556}") = "AiLanML.ConsoleApp", "AiLanML.ConsoleApp\AiLanML.ConsoleApp.csproj", "{50A45C30-9ED9-4E53-898B-A209C694B3C8}"
EndProject
Global
	GlobalSection(SolutionConfigurationPlatforms) = preSolution
		Debug|Any CPU = Debug|Any CPU
		Release|Any CPU = Release|Any CPU
	EndGlobalSection
	GlobalSection(ProjectConfigurationPlatforms) = postSolution
		{9063860F-2483-4683-A453-F2A837DC3BB6}.Debug|Any CPU.ActiveCfg = Debug|Any CPU
		{9063860F-2483-4683-A453-F2A837DC3BB6}.Debug|Any CPU.Build.0 = Debug|Any CPU
		{9063860F-2483-4683-A453-F2A837DC3BB6}.Release|Any CPU.ActiveCfg = Release|Any CPU
		{9063860F-2483-4683-A453-F2A837DC3BB6}.Release|Any CPU.Build.0 = Release|Any CPU
		{6A92AE6F-305C-4A5C-90E7-8B3AFC579D0B}.Debug|Any CPU.ActiveCfg = Debug|Any CPU
		{6A92AE6F-305C-4A5C-90E7-8B3AFC579D0B}.Debug|Any CPU.Build.0 = Debug|Any CPU
		{6A92AE6F-305C-4A5C-90E7-8B3AFC579D0B}.Release|Any CPU.ActiveCfg = Release|Any CPU
		{6A92AE6F-305C-4A5C-90E7-8B3AFC579D0B}.Release|Any CPU.Build.0 = Release|Any CPU
		{50A45C30-9ED9-4E53-898B-A209C694B3C8}.Debug|Any CPU.ActiveCfg = Debug|Any CPU
		{50A45C30-9ED9-4E53-898B-A209C694B3C8}.Debug|Any CPU.Build.0 = Debug|Any CPU
		{50A45C30-9ED9-4E53-898B-A209C694B3C8}.Release|Any CPU.ActiveCfg = Release|Any CPU
		{50A45C30-9ED9-4E53-898B-A209C694B3C8}.Release|Any CPU.Build.0 = Release|Any CPU
	EndGlobalSection
	GlobalSection(SolutionProperties) = preSolution
		HideSolutionNode = FALSE
	EndGlobalSection
	GlobalSection(ExtensibilityGlobals) = postSolution
		SolutionGuid = {B4B865B7-FEA5-4255-AF86-7F379D681291}
	EndGlobalSection
EndGlobal
